
Microsoft Visual Studio Solution File, Format Version 12.00
# Visual Studio 2012
Project("{FAE04EC0-301F-11D3-BF4B-00C04F79EFBC}") = "SLinq", "SLinq\SLinq.csproj", "{0FB4C22D-9D47-487A-98F3-4587A0D26756}"
EndProject
Global
	GlobalSection(SolutionConfigurationPlatforms) = preSolution
		Debug|Any CPU = Debug|Any CPU
		Release|Any CPU = Release|Any CPU
	EndGlobalSection
	GlobalSection(ProjectConfigurationPlatforms) = postSolution
		{0FB4C22D-9D47-487A-98F3-4587A0D26756}.Debug|Any CPU.ActiveCfg = Debug|Any CPU
		{0FB4C22D-9D47-487A-98F3-4587A0D26756}.Debug|Any CPU.Build.0 = Debug|Any CPU
		{0FB4C22D-9D47-487A-98F3-4587A0D26756}.Release|Any CPU.ActiveCfg = Release|Any CPU
		{0FB4C22D-9D47-487A-98F3-4587A0D26756}.Release|Any CPU.Build.0 = Release|Any CPU
	EndGlobalSection
	GlobalSection(SolutionProperties) = preSolution
		HideSolutionNode = FALSE
	EndGlobalSection
EndGlobal
